
Microsoft Visual Studio Solution File, Format Version 12.00
# Visual Studio Version 16
VisualStudioVersion = 16.0.30804.86
MinimumVisualStudioVersion = 10.0.40219.1
Project("{FAE04EC0-301F-11D3-BF4B-00C04F79EFBC}") = "ArmanProject", "ArmanProject\ArmanProject.csproj", "{7E10BAAB-B386-4237-B289-8BFC1014D1FD}"
EndProject
Project("{54435603-DBB4-11D2-8724-00A0C9A8B90C}") = "Install_JSON_Configurator", "Install_JSON_Configurator\Install_JSON_Configurator.vdproj", "{EA910406-21EB-4CFC-9C00-5A769F01951D}"
EndProject
Global
	GlobalSection(SolutionConfigurationPlatforms) = preSolution
		Debug|Any CPU = Debug|Any CPU
		Debug|ARM = Debug|ARM
		Debug|ARM64 = Debug|ARM64
		Debug|x64 = Debug|x64
		Debug|x86 = Debug|x86
		Release|Any CPU = Release|Any CPU
		Release|ARM = Release|ARM
		Release|ARM64 = Release|ARM64
		Release|x64 = Release|x64
		Release|x86 = Release|x86
	EndGlobalSection
	GlobalSection(ProjectConfigurationPlatforms) = postSolution
		{7E10BAAB-B386-4237-B289-8BFC1014D1FD}.Debug|Any CPU.ActiveCfg = Debug|Any CPU
		{7E10BAAB-B386-4237-B289-8BFC1014D1FD}.Debug|Any CPU.Build.0 = Debug|Any CPU
		{7E10BAAB-B386-4237-B289-8BFC1014D1FD}.Debug|ARM.ActiveCfg = Debug|Any CPU
		{7E10BAAB-B386-4237-B289-8BFC1014D1FD}.Debug|ARM.Build.0 = Debug|Any CPU
		{7E10BAAB-B386-4237-B289-8BFC1014D1FD}.Debug|ARM64.ActiveCfg = Debug|Any CPU
		{7E10BAAB-B386-4237-B289-8BFC1014D1FD}.Debug|ARM64.Build.0 = Debug|Any CPU
		{7E10BAAB-B386-4237-B289-8BFC1014D1FD}.Debug|x64.ActiveCfg = Debug|Any CPU
		{7E10BAAB-B386-4237-B289-8BFC1014D1FD}.Debug|x64.Build.0 = Debug|Any CPU
		{7E10BAAB-B386-4237-B289-8BFC1014D1FD}.Debug|x86.ActiveCfg = Debug|Any CPU
		{7E10BAAB-B386-4237-B289-8BFC1014D1FD}.Debug|x86.Build.0 = Debug|Any CPU
		{7E10BAAB-B386-4237-B289-8BFC1014D1FD}.Release|Any CPU.ActiveCfg = Release|Any CPU
		{7E10BAAB-B386-4237-B289-8BFC1014D1FD}.Release|Any CPU.Build.0 = Release|Any CPU
		{7E10BAAB-B386-4237-B289-8BFC1014D1FD}.Release|ARM.ActiveCfg = Release|Any CPU
		{7E10BAAB-B386-4237-B289-8BFC1014D1FD}.Release|ARM.Build.0 = Release|Any CPU
		{7E10BAAB-B386-4237-B289-8BFC1014D1FD}.Release|ARM64.ActiveCfg = Release|Any CPU
		{7E10BAAB-B386-4237-B289-8BFC1014D1FD}.Release|ARM64.Build.0 = Release|Any CPU
		{7E10BAAB-B386-4237-B289-8BFC1014D1FD}.Release|x64.ActiveCfg = Release|Any CPU
		{7E10BAAB-B386-4237-B289-8BFC1014D1FD}.Release|x64.Build.0 = Release|Any CPU
		{7E10BAAB-B386-4237-B289-8BFC1014D1FD}.Release|x86.ActiveCfg = Release|Any CPU
		{7E10BAAB-B386-4237-B289-8BFC1014D1FD}.Release|x86.Build.0 = Release|Any CPU
		{EA910406-21EB-4CFC-9C00-5A769F01951D}.Debug|Any CPU.ActiveCfg = Debug
		{EA910406-21EB-4CFC-9C00-5A769F01951D}.Debug|ARM.ActiveCfg = Debug
		{EA910406-21EB-4CFC-9C00-5A769F01951D}.Debug|ARM64.ActiveCfg = Debug
		{EA910406-21EB-4CFC-9C00-5A769F01951D}.Debug|x64.ActiveCfg = Debug
		{EA910406-21EB-4CFC-9C00-5A769F01951D}.Debug|x86.ActiveCfg = Debug
		{EA910406-21EB-4CFC-9C00-5A769F01951D}.Release|Any CPU.ActiveCfg = Release
		{EA910406-21EB-4CFC-9C00-5A769F01951D}.Release|ARM.ActiveCfg = Release
		{EA910406-21EB-4CFC-9C00-5A769F01951D}.Release|ARM64.ActiveCfg = Release
		{EA910406-21EB-4CFC-9C00-5A769F01951D}.Release|x64.ActiveCfg = Release
		{EA910406-21EB-4CFC-9C00-5A769F01951D}.Release|x86.ActiveCfg = Release
	EndGlobalSection
	GlobalSection(SolutionProperties) = preSolution
		HideSolutionNode = FALSE
	EndGlobalSection
	GlobalSection(ExtensibilityGlobals) = postSolution
		SolutionGuid = {3AC44681-F12C-42AE-B2F9-3EBFC7C5CA0A}
	EndGlobalSection
EndGlobal
